
Microsoft Visual Studio Solution File, Format Version 12.00
# Visual Studio Version 17
VisualStudioVersion = 17.0.32014.148
MinimumVisualStudioVersion = 10.0.40219.1
Project("{9A19103F-16F7-4668-BE54-9A1E7A4F7556}") = "Rohit_Gupta_Training_Implementations", "Design Patterns\Rohit_Gupta_Training_Implementations.csproj", "{FA6AA947-4196-4679-9E3D-AAC75FA85CB2}"
EndProject
Global
	GlobalSection(SolutionConfigurationPlatforms) = preSolution
		Debug|Any CPU = Debug|Any CPU
		Release|Any CPU = Release|Any CPU
	EndGlobalSection
	GlobalSection(ProjectConfigurationPlatforms) = postSolution
		{FA6AA947-4196-4679-9E3D-AAC75FA85CB2}.Debug|Any CPU.ActiveCfg = Debug|Any CPU
		{FA6AA947-4196-4679-9E3D-AAC75FA85CB2}.Debug|Any CPU.Build.0 = Debug|Any CPU
		{FA6AA947-4196-4679-9E3D-AAC75FA85CB2}.Release|Any CPU.ActiveCfg = Release|Any CPU
		{FA6AA947-4196-4679-9E3D-AAC75FA85CB2}.Release|Any CPU.Build.0 = Release|Any CPU
	EndGlobalSection
	GlobalSection(SolutionProperties) = preSolution
		HideSolutionNode = FALSE
	EndGlobalSection
	GlobalSection(ExtensibilityGlobals) = postSolution
		SolutionGuid = {915D3E5E-5344-4F97-B345-74B2EC1A759E}
	EndGlobalSection
EndGlobal
